
Microsoft Visual Studio Solution File, Format Version 12.00
# Visual Studio Version 17
VisualStudioVersion = 17.4.33403.182
MinimumVisualStudioVersion = 10.0.40219.1
Project("{FAE04EC0-301F-11D3-BF4B-00C04F79EFBC}") = "CadastroClienteGauss", "CadastroClienteGauss\CadastroClienteGauss.csproj", "{C901760B-5057-43BD-8974-5F0F45822AC9}"
EndProject
Global
	GlobalSection(SolutionConfigurationPlatforms) = preSolution
		Debug|Any CPU = Debug|Any CPU
		Release|Any CPU = Release|Any CPU
	EndGlobalSection
	GlobalSection(ProjectConfigurationPlatforms) = postSolution
		{C901760B-5057-43BD-8974-5F0F45822AC9}.Debug|Any CPU.ActiveCfg = Debug|Any CPU
		{C901760B-5057-43BD-8974-5F0F45822AC9}.Debug|Any CPU.Build.0 = Debug|Any CPU
		{C901760B-5057-43BD-8974-5F0F45822AC9}.Release|Any CPU.ActiveCfg = Release|Any CPU
		{C901760B-5057-43BD-8974-5F0F45822AC9}.Release|Any CPU.Build.0 = Release|Any CPU
	EndGlobalSection
	GlobalSection(SolutionProperties) = preSolution
		HideSolutionNode = FALSE
	EndGlobalSection
	GlobalSection(ExtensibilityGlobals) = postSolution
		SolutionGuid = {C7BCE54D-5648-44F9-8E44-062B78243BC2}
	EndGlobalSection
EndGlobal
